// !$*UTF8*$!
{
	archiveVersion = 1;
	classes = {
	};
	objectVersion = 56;
	objects = {

/* Begin PBXBuildFile section */
		3C2D27AC2AA7615000293CE0 /* simpleCalculatorApp.swift in Sources */ = {isa = PBXBuildFile; fileRef = 3C2D27AB2AA7615000293CE0 /* simpleCalculatorApp.swift */; };
		3C2D27AE2AA7615000293CE0 /* ContentView.swift in Sources */ = {isa = PBXBuildFile; fileRef = 3C2D27AD2AA7615000293CE0 /* ContentView.swift */; };
		3C2D27B02AA7615100293CE0 /* Assets.xcassets in Resources */ = {isa = PBXBuildFile; fileRef = 3C2D27AF2AA7615100293CE0 /* Assets.xcassets */; };
		3C2D27B32AA7615100293CE0 /* Preview Assets.xcassets in Resources */ = {isa = PBXBuildFile; fileRef = 3C2D27B22AA7615100293CE0 /* Preview Assets.xcassets */; };
		3C2D27BD2AA7615100293CE0 /* simpleCalculatorTests.swift in Sources */ = {isa = PBXBuildFile; fileRef = 3C2D27BC2AA7615100293CE0 /* simpleCalculatorTests.swift */; };
		3C2D27C72AA7615100293CE0 /* simpleCalculatorUITests.swift in Sources */ = {isa = PBXBuildFile; fileRef = 3C2D27C62AA7615100293CE0 /* simpleCalculatorUITests.swift */; };
		3C2D27C92AA7615100293CE0 /* simpleCalculatorUITestsLaunchTests.swift in Sources */ = {isa = PBXBuildFile; fileRef = 3C2D27C82AA7615100293CE0 /* simpleCalculatorUITestsLaunchTests.swift */; };
/* End PBXBuildFile section */

/* Begin PBXContainerItemProxy section */
		3C2D27B92AA7615100293CE0 /* PBXContainerItemProxy */ = {
			isa = PBXContainerItemProxy;
			containerPortal = 3C2D27A02AA7615000293CE0 /* Project object */;
			proxyType = 1;
			remoteGlobalIDString = 3C2D27A72AA7615000293CE0;
			remoteInfo = simpleCalculator;
		};
		3C2D27C32AA7615100293CE0 /* PBXContainerItemProxy */ = {
			isa = PBXContainerItemProxy;
			containerPortal = 3C2D27A02AA7615000293CE0 /* Project object */;
			proxyType = 1;
			remoteGlobalIDString = 3C2D27A72AA7615000293CE0;
			remoteInfo = simpleCalculator;
		};
/* End PBXContainerItemProxy section */

/* Begin PBXFileReference section */
		3C2D27A82AA7615000293CE0 /* simpleCalculator.app */ = {isa = PBXFileReference; explicitFileType = wrapper.application; includeInIndex = 0; path = simpleCalculator.app; sourceTree = BUILT_PRODUCTS_DIR; };
		3C2D27AB2AA7615000293CE0 /* simpleCalculatorApp.swift */ = {isa = PBXFileReference; lastKnownFileType = sourcecode.swift; path = simpleCalculatorApp.swift; sourceTree = "<group>"; };
		3C2D27AD2AA7615000293CE0 /* ContentView.swift */ = {isa = PBXFileReference; lastKnownFileType = sourcecode.swift; path = ContentView.swift; sourceTree = "<group>"; };
		3C2D27AF2AA7615100293CE0 /* Assets.xcassets */ = {isa = PBXFileReference; lastKnownFileType = folder.assetcatalog; path = Assets.xcassets; sourceTree = "<group>"; };
		3C2D27B22AA7615100293CE0 /* Preview Assets.xcassets */ = {isa = PBXFileReference; lastKnownFileType = folder.assetcatalog; path = "Preview Assets.xcassets"; sourceTree = "<group>"; };
		3C2D27B82AA7615100293CE0 /* simpleCalculatorTests.xctest */ = {isa = PBXFileReference; explicitFileType = wrapper.cfbundle; includeInIndex = 0; path = simpleCalculatorTests.xctest; sourceTree = BUILT_PRODUCTS_DIR; };
		3C2D27BC2AA7615100293CE0 /* simpleCalculatorTests.swift */ = {isa = PBXFileReference; lastKnownFileType = sourcecode.swift; path = simpleCalculatorTests.swift; sourceTree = "<group>"; };
		3C2D27C22AA7615100293CE0 /* simpleCalculatorUITests.xctest */ = {isa = PBXFileReference; explicitFileType = wrapper.cfbundle; includeInIndex = 0; path = simpleCalculatorUITests.xctest; sourceTree = BUILT_PRODUCTS_DIR; };
		3C2D27C62AA7615100293CE0 /* simpleCalculatorUITests.swift */ = {isa = PBXFileReference; lastKnownFileType = sourcecode.swift; path = simpleCalculatorUITests.swift; sourceTree = "<group>"; };
		3C2D27C82AA7615100293CE0 /* simpleCalculatorUITestsLaunchTests.swift */ = {isa = PBXFileReference; lastKnownFileType = sourcecode.swift; path = simpleCalculatorUITestsLaunchTests.swift; sourceTree = "<group>"; };
/* End PBXFileReference section */

/* Begin PBXFrameworksBuildPhase section */
		3C2D27A52AA7615000293CE0 /* Frameworks */ = {
			isa = PBXFrameworksBuildPhase;
			buildActionMask = 2147483647;
			files = (
			);
			runOnlyForDeploymentPostprocessing = 0;
		};
		3C2D27B52AA7615100293CE0 /* Frameworks */ = {
			isa = PBXFrameworksBuildPhase;
			buildActionMask = 2147483647;
			files = (
			);
			runOnlyForDeploymentPostprocessing = 0;
		};
		3C2D27BF2AA7615100293CE0 /* Frameworks */ = {
			isa = PBXFrameworksBuildPhase;
			buildActionMask = 2147483647;
			files = (
			);
			runOnlyForDeploymentPostprocessing = 0;
		};
/* End PBXFrameworksBuildPhase section */

/* Begin PBXGroup section */
		3C2D279F2AA7615000293CE0 = {
			isa = PBXGroup;
			children = (
				3C2D27AA2AA7615000293CE0 /* simpleCalculator */,
				3C2D27BB2AA7615100293CE0 /* simpleCalculatorTests */,
				3C2D27C52AA7615100293CE0 /* simpleCalculatorUITests */,
				3C2D27A92AA7615000293CE0 /* Products */,
			);
			sourceTree = "<group>";
		};
		3C2D27A92AA7615000293CE0 /* Products */ = {
			isa = PBXGroup;
			children = (
				3C2D27A82AA7615000293CE0 /* simpleCalculator.app */,
				3C2D27B82AA7615100293CE0 /* simpleCalculatorTests.xctest */,
				3C2D27C22AA7615100293CE0 /* simpleCalculatorUITests.xctest */,
			);
			name = Products;
			sourceTree = "<group>";
		};
		3C2D27AA2AA7615000293CE0 /* simpleCalculator */ = {
			isa = PBXGroup;
			children = (
				3C2D27AB2AA7615000293CE0 /* simpleCalculatorApp.swift */,
				3C2D27AD2AA7615000293CE0 /* ContentView.swift */,
				3C2D27AF2AA7615100293CE0 /* Assets.xcassets */,
				3C2D27B12AA7615100293CE0 /* Preview Content */,
			);
			path = simpleCalculator;
			sourceTree = "<group>";
		};
		3C2D27B12AA7615100293CE0 /* Preview Content */ = {
			isa = PBXGroup;
			children = (
				3C2D27B22AA7615100293CE0 /* Preview Assets.xcassets */,
			);
			path = "Preview Content";
			sourceTree = "<group>";
		};
		3C2D27BB2AA7615100293CE0 /* simpleCalculatorTests */ = {
			isa = PBXGroup;
			children = (
				3C2D27BC2AA7615100293CE0 /* simpleCalculatorTests.swift */,
			);
			path = simpleCalculatorTests;
			sourceTree = "<group>";
		};
		3C2D27C52AA7615100293CE0 /* simpleCalculatorUITests */ = {
			isa = PBXGroup;
			children = (
				3C2D27C62AA7615100293CE0 /* simpleCalculatorUITests.swift */,
				3C2D27C82AA7615100293CE0 /* simpleCalculatorUITestsLaunchTests.swift */,
			);
			path = simpleCalculatorUITests;
			sourceTree = "<group>";
		};
/* End PBXGroup section */

/* Begin PBXNativeTarget section */
		3C2D27A72AA7615000293CE0 /* simpleCalculator */ = {
			isa = PBXNativeTarget;
			buildConfigurationList = 3C2D27CC2AA7615100293CE0 /* Build configuration list for PBXNativeTarget "simpleCalculator" */;
			buildPhases = (
				3C2D27A42AA7615000293CE0 /* Sources */,
				3C2D27A52AA7615000293CE0 /* Frameworks */,
				3C2D27A62AA7615000293CE0 /* Resources */,
			);
			buildRules = (
			);
			dependencies = (
			);
			name = simpleCalculator;
			productName = simpleCalculator;
			productReference = 3C2D27A82AA7615000293CE0 /* simpleCalculator.app */;
			productType = "com.apple.product-type.application";
		};
		3C2D27B72AA7615100293CE0 /* simpleCalculatorTests */ = {
			isa = PBXNativeTarget;
			buildConfigurationList = 3C2D27CF2AA7615100293CE0 /* Build configuration list for PBXNativeTarget "simpleCalculatorTests" */;
			buildPhases = (
				3C2D27B42AA7615100293CE0 /* Sources */,
				3C2D27B52AA7615100293CE0 /* Frameworks */,
				3C2D27B62AA7615100293CE0 /* Resources */,
			);
			buildRules = (
			);
			dependencies = (
				3C2D27BA2AA7615100293CE0 /* PBXTargetDependency */,
			);
			name = simpleCalculatorTests;
			productName = simpleCalculatorTests;
			productReference = 3C2D27B82AA7615100293CE0 /* simpleCalculatorTests.xctest */;
			productType = "com.apple.product-type.bundle.unit-test";
		};
		3C2D27C12AA7615100293CE0 /* simpleCalculatorUITests */ = {
			isa = PBXNativeTarget;
			buildConfigurationList = 3C2D27D22AA7615100293CE0 /* Build configuration list for PBXNativeTarget "simpleCalculatorUITests" */;
			buildPhases = (
				3C2D27BE2AA7615100293CE0 /* Sources */,
				3C2D27BF2AA7615100293CE0 /* Frameworks */,
				3C2D27C02AA7615100293CE0 /* Resources */,
			);
			buildRules = (
			);
			dependencies = (
				3C2D27C42AA7615100293CE0 /* PBXTargetDependency */,
			);
			name = simpleCalculatorUITests;
			productName = simpleCalculatorUITests;
			productReference = 3C2D27C22AA7615100293CE0 /* simpleCalculatorUITests.xctest */;
			productType = "com.apple.product-type.bundle.ui-testing";
		};
/* End PBXNativeTarget section */

/* Begin PBXProject section */
		3C2D27A02AA7615000293CE0 /* Project object */ = {
			isa = PBXProject;
			attributes = {
				BuildIndependentTargetsInParallel = 1;
				LastSwiftUpdateCheck = 1430;
				LastUpgradeCheck = 1430;
				TargetAttributes = {
					3C2D27A72AA7615000293CE0 = {
						CreatedOnToolsVersion = 14.3.1;
					};
					3C2D27B72AA7615100293CE0 = {
						CreatedOnToolsVersion = 14.3.1;
						TestTargetID = 3C2D27A72AA7615000293CE0;
					};
					3C2D27C12AA7615100293CE0 = {
						CreatedOnToolsVersion = 14.3.1;
						TestTargetID = 3C2D27A72AA7615000293CE0;
					};
				};
			};
			buildConfigurationList = 3C2D27A32AA7615000293CE0 /* Build configuration list for PBXProject "simpleCalculator" */;
			compatibilityVersion = "Xcode 14.0";
			developmentRegion = en;
			hasScannedForEncodings = 0;
			knownRegions = (
				en,
				Base,
			);
			mainGroup = 3C2D279F2AA7615000293CE0;
			productRefGroup = 3C2D27A92AA7615000293CE0 /* Products */;
			projectDirPath = "";
			projectRoot = "";
			targets = (
				3C2D27A72AA7615000293CE0 /* simpleCalculator */,
				3C2D27B72AA7615100293CE0 /* simpleCalculatorTests */,
				3C2D27C12AA7615100293CE0 /* simpleCalculatorUITests */,
			);
		};
/* End PBXProject section */

/* Begin PBXResourcesBuildPhase section */
		3C2D27A62AA7615000293CE0 /* Resources */ = {
			isa = PBXResourcesBuildPhase;
			buildActionMask = 2147483647;
			files = (
				3C2D27B32AA7615100293CE0 /* Preview Assets.xcassets in Resources */,
				3C2D27B02AA7615100293CE0 /* Assets.xcassets in Resources */,
			);
			runOnlyForDeploymentPostprocessing = 0;
		};
		3C2D27B62AA7615100293CE0 /* Resources */ = {
			isa = PBXResourcesBuildPhase;
			buildActionMask = 2147483647;
			files = (
			);
			runOnlyForDeploymentPostprocessing = 0;
		};
		3C2D27C02AA7615100293CE0 /* Resources */ = {
			isa = PBXResourcesBuildPhase;
			buildActionMask = 2147483647;
			files = (
			);
			runOnlyForDeploymentPostprocessing = 0;
		};
/* End PBXResourcesBuildPhase section */

/* Begin PBXSourcesBuildPhase section */
		3C2D27A42AA7615000293CE0 /* Sources */ = {
			isa = PBXSourcesBuildPhase;
			buildActionMask = 2147483647;
			files = (
				3C2D27AE2AA7615000293CE0 /* ContentView.swift in Sources */,
				3C2D27AC2AA7615000293CE0 /* simpleCalculatorApp.swift in Sources */,
			);
			runOnlyForDeploymentPostprocessing = 0;
		};
		3C2D27B42AA7615100293CE0 /* Sources */ = {
			isa = PBXSourcesBuildPhase;
			buildActionMask = 2147483647;
			files = (
				3C2D27BD2AA7615100293CE0 /* simpleCalculatorTests.swift in Sources */,
			);
			runOnlyForDeploymentPostprocessing = 0;
		};
		3C2D27BE2AA7615100293CE0 /* Sources */ = {
			isa = PBXSourcesBuildPhase;
			buildActionMask = 2147483647;
			files = (
				3C2D27C92AA7615100293CE0 /* simpleCalculatorUITestsLaunchTests.swift in Sources */,
				3C2D27C72AA7615100293CE0 /* simpleCalculatorUITests.swift in Sources */,
			);
			runOnlyForDeploymentPostprocessing = 0;
		};
/* End PBXSourcesBuildPhase section */

/* Begin PBXTargetDependency section */
		3C2D27BA2AA7615100293CE0 /* PBXTargetDependency */ = {
			isa = PBXTargetDependency;
			target = 3C2D27A72AA7615000293CE0 /* simpleCalculator */;
			targetProxy = 3C2D27B92AA7615100293CE0 /* PBXContainerItemProxy */;
		};
		3C2D27C42AA7615100293CE0 /* PBXTargetDependency */ = {
			isa = PBXTargetDependency;
			target = 3C2D27A72AA7615000293CE0 /* simpleCalculator */;
			targetProxy = 3C2D27C32AA7615100293CE0 /* PBXContainerItemProxy */;
		};
/* End PBXTargetDependency section */

/* Begin XCBuildConfiguration section */
		3C2D27CA2AA7615100293CE0 /* Debug */ = {
			isa = XCBuildConfiguration;
			buildSettings = {
				ALWAYS_SEARCH_USER_PATHS = NO;
				CLANG_ANALYZER_NONNULL = YES;
				CLANG_ANALYZER_NUMBER_OBJECT_CONVERSION = YES_AGGRESSIVE;
				CLANG_CXX_LANGUAGE_STANDARD = "gnu++20";
				CLANG_ENABLE_MODULES = YES;
				CLANG_ENABLE_OBJC_ARC = YES;
				CLANG_ENABLE_OBJC_WEAK = YES;
				CLANG_WARN_BLOCK_CAPTURE_AUTORELEASING = YES;
				CLANG_WARN_BOOL_CONVERSION = YES;
				CLANG_WARN_COMMA = YES;
				CLANG_WARN_CONSTANT_CONVERSION = YES;
				CLANG_WARN_DEPRECATED_OBJC_IMPLEMENTATIONS = YES;
				CLANG_WARN_DIRECT_OBJC_ISA_USAGE = YES_ERROR;
				CLANG_WARN_DOCUMENTATION_COMMENTS = YES;
				CLANG_WARN_EMPTY_BODY = YES;
				CLANG_WARN_ENUM_CONVERSION = YES;
				CLANG_WARN_INFINITE_RECURSION = YES;
				CLANG_WARN_INT_CONVERSION = YES;
				CLANG_WARN_NON_LITERAL_NULL_CONVERSION = YES;
				CLANG_WARN_OBJC_IMPLICIT_RETAIN_SELF = YES;
				CLANG_WARN_OBJC_LITERAL_CONVERSION = YES;
				CLANG_WARN_OBJC_ROOT_CLASS = YES_ERROR;
				CLANG_WARN_QUOTED_INCLUDE_IN_FRAMEWORK_HEADER = YES;
				CLANG_WARN_RANGE_LOOP_ANALYSIS = YES;
				CLANG_WARN_STRICT_PROTOTYPES = YES;
				CLANG_WARN_SUSPICIOUS_MOVE = YES;
				CLANG_WARN_UNGUARDED_AVAILABILITY = YES_AGGRESSIVE;
				CLANG_WARN_UNREACHABLE_CODE = YES;
				CLANG_WARN__DUPLICATE_METHOD_MATCH = YES;
				COPY_PHASE_STRIP = NO;
				DEBUG_INFORMATION_FORMAT = dwarf;
				ENABLE_STRICT_OBJC_MSGSEND = YES;
				ENABLE_TESTABILITY = YES;
				GCC_C_LANGUAGE_STANDARD = gnu11;
				GCC_DYNAMIC_NO_PIC = NO;
				GCC_NO_COMMON_BLOCKS = YES;
				GCC_OPTIMIZATION_LEVEL = 0;
				GCC_PREPROCESSOR_DEFINITIONS = (
					"DEBUG=1",
					"$(inherited)",
				);
				GCC_WARN_64_TO_32_BIT_CONVERSION = YES;
				GCC_WARN_ABOUT_RETURN_TYPE = YES_ERROR;
				GCC_WARN_UNDECLARED_SELECTOR = YES;
				GCC_WARN_UNINITIALIZED_AUTOS = YES_AGGRESSIVE;
				GCC_WARN_UNUSED_FUNCTION = YES;
				GCC_WARN_UNUSED_VARIABLE = YES;
				IPHONEOS_DEPLOYMENT_TARGET = 16.4;
				MTL_ENABLE_DEBUG_INFO = INCLUDE_SOURCE;
				MTL_FAST_MATH = YES;
				ONLY_ACTIVE_ARCH = YES;
				SDKROOT = iphoneos;
				SWIFT_ACTIVE_COMPILATION_CONDITIONS = DEBUG;
				SWIFT_OPTIMIZATION_LEVEL = "-Onone";
			};
			name = Debug;
		};
		3C2D27CB2AA7615100293CE0 /* Release */ = {
			isa = XCBuildConfiguration;
			buildSettings = {
				ALWAYS_SEARCH_USER_PATHS = NO;
				CLANG_ANALYZER_NONNULL = YES;
				CLANG_ANALYZER_NUMBER_OBJECT_CONVERSION = YES_AGGRESSIVE;
				CLANG_CXX_LANGUAGE_STANDARD = "gnu++20";
				CLANG_ENABLE_MODULES = YES;
				CLANG_ENABLE_OBJC_ARC = YES;
				CLANG_ENABLE_OBJC_WEAK = YES;
				CLANG_WARN_BLOCK_CAPTURE_AUTORELEASING = YES;
				CLANG_WARN_BOOL_CONVERSION = YES;
				CLANG_WARN_COMMA = YES;
				CLANG_WARN_CONSTANT_CONVERSION = YES;
				CLANG_WARN_DEPRECATED_OBJC_IMPLEMENTATIONS = YES;
				CLANG_WARN_DIRECT_OBJC_ISA_USAGE = YES_ERROR;
				CLANG_WARN_DOCUMENTATION_COMMENTS = YES;
				CLANG_WARN_EMPTY_BODY = YES;
				CLANG_WARN_ENUM_CONVERSION = YES;
				CLANG_WARN_INFINITE_RECURSION = YES;
				CLANG_WARN_INT_CONVERSION = YES;
				CLANG_WARN_NON_LITERAL_NULL_CONVERSION = YES;
				CLANG_WARN_OBJC_IMPLICIT_RETAIN_SELF = YES;
				CLANG_WARN_OBJC_LITERAL_CONVERSION = YES;
				CLANG_WARN_OBJC_ROOT_CLASS = YES_ERROR;
				CLANG_WARN_QUOTED_INCLUDE_IN_FRAMEWORK_HEADER = YES;
				CLANG_WARN_RANGE_LOOP_ANALYSIS = YES;
				CLANG_WARN_STRICT_PROTOTYPES = YES;
				CLANG_WARN_SUSPICIOUS_MOVE = YES;
				CLANG_WARN_UNGUARDED_AVAILABILITY = YES_AGGRESSIVE;
				CLANG_WARN_UNREACHABLE_CODE = YES;
				CLANG_WARN__DUPLICATE_METHOD_MATCH = YES;
				COPY_PHASE_STRIP = NO;
				DEBUG_INFORMATION_FORMAT = "dwarf-with-dsym";
				ENABLE_NS_ASSERTIONS = NO;
				ENABLE_STRICT_OBJC_MSGSEND = YES;
				GCC_C_LANGUAGE_STANDARD = gnu11;
				GCC_NO_COMMON_BLOCKS = YES;
				GCC_WARN_64_TO_32_BIT_CONVERSION = YES;
				GCC_WARN_ABOUT_RETURN_TYPE = YES_ERROR;
				GCC_WARN_UNDECLARED_SELECTOR = YES;
				GCC_WARN_UNINITIALIZED_AUTOS = YES_AGGRESSIVE;
				GCC_WARN_UNUSED_FUNCTION = YES;
				GCC_WARN_UNUSED_VARIABLE = YES;
				IPHONEOS_DEPLOYMENT_TARGET = 16.4;
				MTL_ENABLE_DEBUG_INFO = NO;
				MTL_FAST_MATH = YES;
				SDKROOT = iphoneos;
				SWIFT_COMPILATION_MODE = wholemodule;
				SWIFT_OPTIMIZATION_LEVEL = "-O";
				VALIDATE_PRODUCT = YES;
			};
			name = Release;
		};
		3C2D27CD2AA7615100293CE0 /* Debug */ = {
			isa = XCBuildConfiguration;
			buildSettings = {
				ASSETCATALOG_COMPILER_APPICON_NAME = AppIcon;
				ASSETCATALOG_COMPILER_GLOBAL_ACCENT_COLOR_NAME = AccentColor;
				CODE_SIGN_STYLE = Automatic;
				CURRENT_PROJECT_VERSION = 1;
				DEVELOPMENT_ASSET_PATHS = "\"simpleCalculator/Preview Content\"";
				ENABLE_PREVIEWS = YES;
				GENERATE_INFOPLIST_FILE = YES;
				INFOPLIST_KEY_UIApplicationSceneManifest_Generation = YES;
				INFOPLIST_KEY_UIApplicationSupportsIndirectInputEvents = YES;
				INFOPLIST_KEY_UILaunchScreen_Generation = YES;
				INFOPLIST_KEY_UISupportedInterfaceOrientations_iPad = "UIInterfaceOrientationPortrait UIInterfaceOrientationPortraitUpsideDown UIInterfaceOrientationLandscapeLeft UIInterfaceOrientationLandscapeRight";
				INFOPLIST_KEY_UISupportedInterfaceOrientations_iPhone = "UIInterfaceOrientationPortrait UIInterfaceOrientationLandscapeLeft UIInterfaceOrientationLandscapeRight";
				LD_RUNPATH_SEARCH_PATHS = (
					"$(inherited)",
					"@executable_path/Frameworks",
				);
				MARKETING_VERSION = 1.0;
				PRODUCT_BUNDLE_IDENTIFIER = iremkarakaplan.simpleCalculator;
				PRODUCT_NAME = "$(TARGET_NAME)";
				SWIFT_EMIT_LOC_STRINGS = YES;
				SWIFT_VERSION = 5.0;
				TARGETED_DEVICE_FAMILY = "1,2";
			};
			name = Debug;
		};
		3C2D27CE2AA7615100293CE0 /* Release */ = {
			isa = XCBuildConfiguration;
			buildSettings = {
				ASSETCATALOG_COMPILER_APPICON_NAME = AppIcon;
				ASSETCATALOG_COMPILER_GLOBAL_ACCENT_COLOR_NAME = AccentColor;
				CODE_SIGN_STYLE = Automatic;
				CURRENT_PROJECT_VERSION = 1;
				DEVELOPMENT_ASSET_PATHS = "\"simpleCalculator/Preview Content\"";
				ENABLE_PREVIEWS = YES;
				GENERATE_INFOPLIST_FILE = YES;
				INFOPLIST_KEY_UIApplicationSceneManifest_Generation = YES;
				INFOPLIST_KEY_UIApplicationSupportsIndirectInputEvents = YES;
				INFOPLIST_KEY_UILaunchScreen_Generation = YES;
				INFOPLIST_KEY_UISupportedInterfaceOrientations_iPad = "UIInterfaceOrientationPortrait UIInterfaceOrientationPortraitUpsideDown UIInterfaceOrientationLandscapeLeft UIInterfaceOrientationLandscapeRight";
				INFOPLIST_KEY_UISupportedInterfaceOrientations_iPhone = "UIInterfaceOrientationPortrait UIInterfaceOrientationLandscapeLeft UIInterfaceOrientationLandscapeRight";
				LD_RUNPATH_SEARCH_PATHS = (
					"$(inherited)",
					"@executable_path/Frameworks",
				);
				MARKETING_VERSION = 1.0;
				PRODUCT_BUNDLE_IDENTIFIER = iremkarakaplan.simpleCalculator;
				PRODUCT_NAME = "$(TARGET_NAME)";
				SWIFT_EMIT_LOC_STRINGS = YES;
				SWIFT_VERSION = 5.0;
				TARGETED_DEVICE_FAMILY = "1,2";
			};
			name = Release;
		};
		3C2D27D02AA7615100293CE0 /* Debug */ = {
			isa = XCBuildConfiguration;
			buildSettings = {
				ALWAYS_EMBED_SWIFT_STANDARD_LIBRARIES = YES;
				BUNDLE_LOADER = "$(TEST_HOST)";
				CODE_SIGN_STYLE = Automatic;
				CURRENT_PROJECT_VERSION = 1;
				GENERATE_INFOPLIST_FILE = YES;
				IPHONEOS_DEPLOYMENT_TARGET = 16.4;
				MARKETING_VERSION = 1.0;
				PRODUCT_BUNDLE_IDENTIFIER = iremkarakaplan.simpleCalculatorTests;
				PRODUCT_NAME = "$(TARGET_NAME)";
				SWIFT_EMIT_LOC_STRINGS = NO;
				SWIFT_VERSION = 5.0;
				TARGETED_DEVICE_FAMILY = "1,2";
				TEST_HOST = "$(BUILT_PRODUCTS_DIR)/simpleCalculator.app/$(BUNDLE_EXECUTABLE_FOLDER_PATH)/simpleCalculator";
			};
			name = Debug;
		};
		3C2D27D12AA7615100293CE0 /* Release */ = {
			isa = XCBuildConfiguration;
			buildSettings = {
				ALWAYS_EMBED_SWIFT_STANDARD_LIBRARIES = YES;
				BUNDLE_LOADER = "$(TEST_HOST)";
				CODE_SIGN_STYLE = Automatic;
				CURRENT_PROJECT_VERSION = 1;
				GENERATE_INFOPLIST_FILE = YES;
				IPHONEOS_DEPLOYMENT_TARGET = 16.4;
				MARKETING_VERSION = 1.0;
				PRODUCT_BUNDLE_IDENTIFIER = iremkarakaplan.simpleCalculatorTests;
				PRODUCT_NAME = "$(TARGET_NAME)";
				SWIFT_EMIT_LOC_STRINGS = NO;
				SWIFT_VERSION = 5.0;
				TARGETED_DEVICE_FAMILY = "1,2";
				TEST_HOST = "$(BUILT_PRODUCTS_DIR)/simpleCalculator.app/$(BUNDLE_EXECUTABLE_FOLDER_PATH)/simpleCalculator";
			};
			name = Release;
		};
		3C2D27D32AA7615100293CE0 /* Debug */ = {
			isa = XCBuildConfiguration;
			buildSettings = {
				ALWAYS_EMBED_SWIFT_STANDARD_LIBRARIES = YES;
				CODE_SIGN_STYLE = Automatic;
				CURRENT_PROJECT_VERSION = 1;
				GENERATE_INFOPLIST_FILE = YES;
				MARKETING_VERSION = 1.0;
				PRODUCT_BUNDLE_IDENTIFIER = iremkarakaplan.simpleCalculatorUITests;
				PRODUCT_NAME = "$(TARGET_NAME)";
				SWIFT_EMIT_LOC_STRINGS = NO;
				SWIFT_VERSION = 5.0;
				TARGETED_DEVICE_FAMILY = "1,2";
				TEST_TARGET_NAME = simpleCalculator;
			};
			name = Debug;
		};
		3C2D27D42AA7615100293CE0 /* Release */ = {
			isa = XCBuildConfiguration;
			buildSettings = {
				ALWAYS_EMBED_SWIFT_STANDARD_LIBRARIES = YES;
				CODE_SIGN_STYLE = Automatic;
				CURRENT_PROJECT_VERSION = 1;
				GENERATE_INFOPLIST_FILE = YES;
				MARKETING_VERSION = 1.0;
				PRODUCT_BUNDLE_IDENTIFIER = iremkarakaplan.simpleCalculatorUITests;
				PRODUCT_NAME = "$(TARGET_NAME)";
				SWIFT_EMIT_LOC_STRINGS = NO;
				SWIFT_VERSION = 5.0;
				TARGETED_DEVICE_FAMILY = "1,2";
				TEST_TARGET_NAME = simpleCalculator;
			};
			name = Release;
		};
/* End XCBuildConfiguration section */

/* Begin XCConfigurationList section */
		3C2D27A32AA7615000293CE0 /* Build configuration list for PBXProject "simpleCalculator" */ = {
			isa = XCConfigurationList;
			buildConfigurations = (
				3C2D27CA2AA7615100293CE0 /* Debug */,
				3C2D27CB2AA7615100293CE0 /* Release */,
			);
			defaultConfigurationIsVisible = 0;
			defaultConfigurationName = Release;
		};
		3C2D27CC2AA7615100293CE0 /* Build configuration list for PBXNativeTarget "simpleCalculator" */ = {
			isa = XCConfigurationList;
			buildConfigurations = (
				3C2D27CD2AA7615100293CE0 /* Debug */,
				3C2D27CE2AA7615100293CE0 /* Release */,
			);
			defaultConfigurationIsVisible = 0;
			defaultConfigurationName = Release;
		};
		3C2D27CF2AA7615100293CE0 /* Build configuration list for PBXNativeTarget "simpleCalculatorTests" */ = {
			isa = XCConfigurationList;
			buildConfigurations = (
				3C2D27D02AA7615100293CE0 /* Debug */,
				3C2D27D12AA7615100293CE0 /* Release */,
			);
			defaultConfigurationIsVisible = 0;
			defaultConfigurationName = Release;
		};
		3C2D27D22AA7615100293CE0 /* Build configuration list for PBXNativeTarget "simpleCalculatorUITests" */ = {
			isa = XCConfigurationList;
			buildConfigurations = (
				3C2D27D32AA7615100293CE0 /* Debug */,
				3C2D27D42AA7615100293CE0 /* Release */,
			);
			defaultConfigurationIsVisible = 0;
			defaultConfigurationName = Release;
		};
/* End XCConfigurationList section */
	};
	rootObject = 3C2D27A02AA7615000293CE0 /* Project object */;
}
